
Microsoft Visual Studio Solution File, Format Version 12.00
# Visual Studio Version 17
VisualStudioVersion = 17.10.35027.167
MinimumVisualStudioVersion = 10.0.40219.1
Project("{FAE04EC0-301F-11D3-BF4B-00C04F79EFBC}") = "SUM_NUMBERS", "SUM_NUMBERS\SUM_NUMBERS.csproj", "{2F29A5C9-B2B4-4BB1-B26C-297B73EEE65E}"
EndProject
Global
	GlobalSection(SolutionConfigurationPlatforms) = preSolution
		Debug|Any CPU = Debug|Any CPU
		Release|Any CPU = Release|Any CPU
	EndGlobalSection
	GlobalSection(ProjectConfigurationPlatforms) = postSolution
		{2F29A5C9-B2B4-4BB1-B26C-297B73EEE65E}.Debug|Any CPU.ActiveCfg = Debug|Any CPU
		{2F29A5C9-B2B4-4BB1-B26C-297B73EEE65E}.Debug|Any CPU.Build.0 = Debug|Any CPU
		{2F29A5C9-B2B4-4BB1-B26C-297B73EEE65E}.Release|Any CPU.ActiveCfg = Release|Any CPU
		{2F29A5C9-B2B4-4BB1-B26C-297B73EEE65E}.Release|Any CPU.Build.0 = Release|Any CPU
	EndGlobalSection
	GlobalSection(SolutionProperties) = preSolution
		HideSolutionNode = FALSE
	EndGlobalSection
	GlobalSection(ExtensibilityGlobals) = postSolution
		SolutionGuid = {401A1DAC-7D80-4247-94CB-F03EF193670C}
	EndGlobalSection
EndGlobal
